
Microsoft Visual Studio Solution File, Format Version 12.00
# Visual Studio 15
VisualStudioVersion = 15.0.27703.2035
MinimumVisualStudioVersion = 10.0.40219.1
Project("{FAE04EC0-301F-11D3-BF4B-00C04F79EFBC}") = "MyMoney.Mobile.Android", "MyMoney.Mobile\MyMoney.Mobile.Android\MyMoney.Mobile.Android.csproj", "{8309084E-5308-408E-82CD-34F87E7D1437}"
EndProject
Project("{FAE04EC0-301F-11D3-BF4B-00C04F79EFBC}") = "MyMoney.Mobile", "MyMoney.Mobile\MyMoney.Mobile\MyMoney.Mobile.csproj", "{53D535A2-D3C1-4019-8524-48F20A24D796}"
EndProject
Global
	GlobalSection(SolutionConfigurationPlatforms) = preSolution
		Debug|Any CPU = Debug|Any CPU
		Release|Any CPU = Release|Any CPU
	EndGlobalSection
	GlobalSection(ProjectConfigurationPlatforms) = postSolution
		{8309084E-5308-408E-82CD-34F87E7D1437}.Debug|Any CPU.ActiveCfg = Debug|Any CPU
		{8309084E-5308-408E-82CD-34F87E7D1437}.Debug|Any CPU.Build.0 = Debug|Any CPU
		{8309084E-5308-408E-82CD-34F87E7D1437}.Debug|Any CPU.Deploy.0 = Debug|Any CPU
		{8309084E-5308-408E-82CD-34F87E7D1437}.Release|Any CPU.ActiveCfg = Release|Any CPU
		{8309084E-5308-408E-82CD-34F87E7D1437}.Release|Any CPU.Build.0 = Release|Any CPU
		{8309084E-5308-408E-82CD-34F87E7D1437}.Release|Any CPU.Deploy.0 = Release|Any CPU
		{53D535A2-D3C1-4019-8524-48F20A24D796}.Debug|Any CPU.ActiveCfg = Debug|Any CPU
		{53D535A2-D3C1-4019-8524-48F20A24D796}.Debug|Any CPU.Build.0 = Debug|Any CPU
		{53D535A2-D3C1-4019-8524-48F20A24D796}.Debug|Any CPU.Deploy.0 = Debug|Any CPU
		{53D535A2-D3C1-4019-8524-48F20A24D796}.Release|Any CPU.ActiveCfg = Release|Any CPU
		{53D535A2-D3C1-4019-8524-48F20A24D796}.Release|Any CPU.Build.0 = Release|Any CPU
		{53D535A2-D3C1-4019-8524-48F20A24D796}.Release|Any CPU.Deploy.0 = Release|Any CPU
	EndGlobalSection
	GlobalSection(SolutionProperties) = preSolution
		HideSolutionNode = FALSE
	EndGlobalSection
	GlobalSection(ExtensibilityGlobals) = postSolution
		SolutionGuid = {94D19D25-B7F2-4DFF-903F-19502146FF95}
	EndGlobalSection
EndGlobal
